
Microsoft Visual Studio Solution File, Format Version 12.00
# Visual Studio Version 16
VisualStudioVersion = 16.0.31005.135
MinimumVisualStudioVersion = 10.0.40219.1
Project("{9A19103F-16F7-4668-BE54-9A1E7A4F7556}") = "POC.Hexagonal.WebApi", "POC.Hexagonal.WebApi\POC.Hexagonal.WebApi.csproj", "{B156E4AD-1AF0-492D-A99B-07F21873116D}"
EndProject
Project("{2150E333-8FDC-42A3-9474-1A3956D46DE8}") = "src", "src", "{CDEF014D-88F1-46F8-8ED1-EAEFF03FA319}"
EndProject
Project("{9A19103F-16F7-4668-BE54-9A1E7A4F7556}") = "POC.Hexagonal.Domain", "POC.Hexagonal.Domain\POC.Hexagonal.Domain.csproj", "{15A1DA4B-3D9C-4246-BE38-E18431009810}"
EndProject
Project("{9A19103F-16F7-4668-BE54-9A1E7A4F7556}") = "POC.Hexagonal.Application", "POC.Hexagonal.Application\POC.Hexagonal.Application.csproj", "{2F59D8DA-B879-42EC-9974-4CD10136127E}"
EndProject
Project("{9A19103F-16F7-4668-BE54-9A1E7A4F7556}") = "POC.Hexagonal.DataAccess", "POC.Hexagonal.DataAccess\POC.Hexagonal.DataAccess.csproj", "{165DA473-4694-49D4-90D4-6EB591F54B95}"
EndProject
Project("{2150E333-8FDC-42A3-9474-1A3956D46DE8}") = "test", "test", "{14AC215C-E002-4CE5-B423-4D29E4A2EA67}"
EndProject
Project("{FAE04EC0-301F-11D3-BF4B-00C04F79EFBC}") = "POC.Hexagonal.Tests", "POC.Hexagonal.Tests\POC.Hexagonal.Tests.csproj", "{D7D54DE5-2E2C-48B4-874D-FE354EC110A1}"
EndProject
Global
	GlobalSection(SolutionConfigurationPlatforms) = preSolution
		Debug|Any CPU = Debug|Any CPU
		Release|Any CPU = Release|Any CPU
	EndGlobalSection
	GlobalSection(ProjectConfigurationPlatforms) = postSolution
		{B156E4AD-1AF0-492D-A99B-07F21873116D}.Debug|Any CPU.ActiveCfg = Debug|Any CPU
		{B156E4AD-1AF0-492D-A99B-07F21873116D}.Debug|Any CPU.Build.0 = Debug|Any CPU
		{B156E4AD-1AF0-492D-A99B-07F21873116D}.Release|Any CPU.ActiveCfg = Release|Any CPU
		{B156E4AD-1AF0-492D-A99B-07F21873116D}.Release|Any CPU.Build.0 = Release|Any CPU
		{15A1DA4B-3D9C-4246-BE38-E18431009810}.Debug|Any CPU.ActiveCfg = Debug|Any CPU
		{15A1DA4B-3D9C-4246-BE38-E18431009810}.Debug|Any CPU.Build.0 = Debug|Any CPU
		{15A1DA4B-3D9C-4246-BE38-E18431009810}.Release|Any CPU.ActiveCfg = Release|Any CPU
		{15A1DA4B-3D9C-4246-BE38-E18431009810}.Release|Any CPU.Build.0 = Release|Any CPU
		{2F59D8DA-B879-42EC-9974-4CD10136127E}.Debug|Any CPU.ActiveCfg = Debug|Any CPU
		{2F59D8DA-B879-42EC-9974-4CD10136127E}.Debug|Any CPU.Build.0 = Debug|Any CPU
		{2F59D8DA-B879-42EC-9974-4CD10136127E}.Release|Any CPU.ActiveCfg = Release|Any CPU
		{2F59D8DA-B879-42EC-9974-4CD10136127E}.Release|Any CPU.Build.0 = Release|Any CPU
		{165DA473-4694-49D4-90D4-6EB591F54B95}.Debug|Any CPU.ActiveCfg = Debug|Any CPU
		{165DA473-4694-49D4-90D4-6EB591F54B95}.Debug|Any CPU.Build.0 = Debug|Any CPU
		{165DA473-4694-49D4-90D4-6EB591F54B95}.Release|Any CPU.ActiveCfg = Release|Any CPU
		{165DA473-4694-49D4-90D4-6EB591F54B95}.Release|Any CPU.Build.0 = Release|Any CPU
		{D7D54DE5-2E2C-48B4-874D-FE354EC110A1}.Debug|Any CPU.ActiveCfg = Debug|Any CPU
		{D7D54DE5-2E2C-48B4-874D-FE354EC110A1}.Debug|Any CPU.Build.0 = Debug|Any CPU
		{D7D54DE5-2E2C-48B4-874D-FE354EC110A1}.Release|Any CPU.ActiveCfg = Release|Any CPU
		{D7D54DE5-2E2C-48B4-874D-FE354EC110A1}.Release|Any CPU.Build.0 = Release|Any CPU
	EndGlobalSection
	GlobalSection(SolutionProperties) = preSolution
		HideSolutionNode = FALSE
	EndGlobalSection
	GlobalSection(NestedProjects) = preSolution
		{B156E4AD-1AF0-492D-A99B-07F21873116D} = {CDEF014D-88F1-46F8-8ED1-EAEFF03FA319}
		{15A1DA4B-3D9C-4246-BE38-E18431009810} = {CDEF014D-88F1-46F8-8ED1-EAEFF03FA319}
		{2F59D8DA-B879-42EC-9974-4CD10136127E} = {CDEF014D-88F1-46F8-8ED1-EAEFF03FA319}
		{165DA473-4694-49D4-90D4-6EB591F54B95} = {CDEF014D-88F1-46F8-8ED1-EAEFF03FA319}
		{D7D54DE5-2E2C-48B4-874D-FE354EC110A1} = {14AC215C-E002-4CE5-B423-4D29E4A2EA67}
	EndGlobalSection
	GlobalSection(ExtensibilityGlobals) = postSolution
		SolutionGuid = {36479011-CE57-4A34-A1BA-AF16BA97459F}
	EndGlobalSection
EndGlobal
